
Microsoft Visual Studio Solution File, Format Version 12.00
# Visual Studio Version 17
VisualStudioVersion = 17.2.32516.85
MinimumVisualStudioVersion = 10.0.40219.1
Project("{FAE04EC0-301F-11D3-BF4B-00C04F79EFBC}") = "CSharpProgramming", "CSharpProgramming\CSharpProgramming.csproj", "{80801A85-D0A8-4F00-A86D-9F4A3DB1D2D8}"
EndProject
Global
	GlobalSection(SolutionConfigurationPlatforms) = preSolution
		Debug|Any CPU = Debug|Any CPU
		Release|Any CPU = Release|Any CPU
	EndGlobalSection
	GlobalSection(ProjectConfigurationPlatforms) = postSolution
		{80801A85-D0A8-4F00-A86D-9F4A3DB1D2D8}.Debug|Any CPU.ActiveCfg = Debug|Any CPU
		{80801A85-D0A8-4F00-A86D-9F4A3DB1D2D8}.Debug|Any CPU.Build.0 = Debug|Any CPU
		{80801A85-D0A8-4F00-A86D-9F4A3DB1D2D8}.Release|Any CPU.ActiveCfg = Release|Any CPU
		{80801A85-D0A8-4F00-A86D-9F4A3DB1D2D8}.Release|Any CPU.Build.0 = Release|Any CPU
	EndGlobalSection
	GlobalSection(SolutionProperties) = preSolution
		HideSolutionNode = FALSE
	EndGlobalSection
	GlobalSection(ExtensibilityGlobals) = postSolution
		SolutionGuid = {F59E39F8-34FA-41AC-A38A-4588AA36A7F3}
	EndGlobalSection
EndGlobal
